
Microsoft Visual Studio Solution File, Format Version 12.00
# Visual Studio Version 16
VisualStudioVersion = 16.0.30011.22
MinimumVisualStudioVersion = 10.0.40219.1
Project("{FAE04EC0-301F-11D3-BF4B-00C04F79EFBC}") = "ReadGoogleSheetsAndTwilioMessage", "ReadGoogleSheetsAndTwilioMessage\ReadGoogleSheetsAndTwilioMessage.csproj", "{3A95300C-85B0-4076-9DBE-5BED6C5CCA3C}"
EndProject
Global
	GlobalSection(SolutionConfigurationPlatforms) = preSolution
		Debug|Any CPU = Debug|Any CPU
		Release|Any CPU = Release|Any CPU
	EndGlobalSection
	GlobalSection(ProjectConfigurationPlatforms) = postSolution
		{3A95300C-85B0-4076-9DBE-5BED6C5CCA3C}.Debug|Any CPU.ActiveCfg = Debug|Any CPU
		{3A95300C-85B0-4076-9DBE-5BED6C5CCA3C}.Debug|Any CPU.Build.0 = Debug|Any CPU
		{3A95300C-85B0-4076-9DBE-5BED6C5CCA3C}.Release|Any CPU.ActiveCfg = Release|Any CPU
		{3A95300C-85B0-4076-9DBE-5BED6C5CCA3C}.Release|Any CPU.Build.0 = Release|Any CPU
	EndGlobalSection
	GlobalSection(SolutionProperties) = preSolution
		HideSolutionNode = FALSE
	EndGlobalSection
	GlobalSection(ExtensibilityGlobals) = postSolution
		SolutionGuid = {3399C20D-2D5A-47EF-AE93-624636D29D9D}
	EndGlobalSection
EndGlobal
